{
  "name": "ngrx-data-pagination",
  "version": "0.0.1",
  "lockfileVersion": 1,
  "requires": true,
  "dependencies": {
    "@ngrx/data": {
      "version": "8.5.1",
      "resolved": "https://registry.npmjs.org/@ngrx/data/-/data-8.5.1.tgz",
      "integrity": "sha512-E3dw3YxiIv8PTtiLsAHv5R1DvhaiW0dsnCl3NcoFO+0DAJfmo9NOBab+82bgAGpao3YDd9l/+8YdP4qNygDdkg=="
    },
    "@ngrx/store": {
      "version": "8.5.1",
      "resolved": "https://registry.npmjs.org/@ngrx/store/-/store-8.5.1.tgz",
      "integrity": "sha512-KIQ9Ooro0tl3+ohTpSXvvVUlo40TTLWAWFx2Ys8pI1Yqr39O9da3PNWecLA/2q4YmFf1bO072lYmcBTp1+Shvg=="
    }
  }
}
